{
  "dependencies": {
    "apn": {
      "version": "1.7.5",
      "resolved": "https://registry.npmjs.org/apn/-/apn-1.7.5.tgz",
      "from": "apn@1.7.5",
      "dependencies": {
        "debug": {
          "version": "2.6.0",
          "resolved": "https://registry.npmjs.org/debug/-/debug-2.6.0.tgz",
          "from": "debug@2.6.0",
          "dependencies": {
            "ms": {
              "version": "0.7.2",
              "resolved": "https://registry.npmjs.org/ms/-/ms-0.7.2.tgz",
              "from": "ms@0.7.2"
            }
          }
        },
        "node-forge": {
          "version": "0.6.46",
          "resolved": "https://registry.npmjs.org/node-forge/-/node-forge-0.6.46.tgz",
          "from": "node-forge@0.6.46"
        },
        "q": {
          "version": "1.4.1",
          "resolved": "https://registry.npmjs.org/q/-/q-1.4.1.tgz",
          "from": "q@1.4.1"
        }
      }
    },
    "bcrypt": {
      "version": "0.8.5",
      "resolved": "https://registry.npmjs.org/bcrypt/-/bcrypt-0.8.5.tgz",
      "from": "bcrypt@0.8.5",
      "dependencies": {
        "bindings": {
          "version": "1.2.1",
          "resolved": "https://registry.npmjs.org/bindings/-/bindings-1.2.1.tgz",
          "from": "bindings@1.2.1"
        },
        "nan": {
          "version": "2.0.5",
          "resolved": "https://registry.npmjs.org/nan/-/nan-2.0.5.tgz",
          "from": "nan@2.0.5"
        }
      }
    },
    "esendex": {
      "version": "0.1.8",
      "resolved": "https://registry.npmjs.org/esendex/-/esendex-0.1.8.tgz",
      "from": "esendex@0.1.8",
      "dependencies": {
        "xml2js": {
          "version": "0.4.17",
          "resolved": "https://registry.npmjs.org/xml2js/-/xml2js-0.4.17.tgz",
          "from": "xml2js@0.4.17",
          "dependencies": {
            "sax": {
              "version": "1.2.1",
              "resolved": "https://registry.npmjs.org/sax/-/sax-1.2.1.tgz",
              "from": "sax@1.2.1"
            },
            "xmlbuilder": {
              "version": "4.2.1",
              "resolved": "https://registry.npmjs.org/xmlbuilder/-/xmlbuilder-4.2.1.tgz",
              "from": "xmlbuilder@4.2.1",
              "dependencies": {
                "lodash": {
                  "version": "4.17.4",
                  "resolved": "https://registry.npmjs.org/lodash/-/lodash-4.17.4.tgz",
                  "from": "lodash@4.17.4"
                }
              }
            }
          }
        }
      }
    },
    "fb": {
      "version": "0.7.0",
      "resolved": "https://registry.npmjs.org/fb/-/fb-0.7.0.tgz",
      "from": "fb@0.7.0",
      "dependencies": {
        "crypto": {
          "version": "0.0.3",
          "resolved": "https://registry.npmjs.org/crypto/-/crypto-0.0.3.tgz",
          "from": "crypto@0.0.3"
        },
        "request": {
          "version": "2.9.203",
          "resolved": "https://registry.npmjs.org/request/-/request-2.9.203.tgz",
          "from": "request@2.9.203"
        }
      }
    },
    "gcm": {
      "version": "1.0.1",
      "resolved": "https://registry.npmjs.org/gcm/-/gcm-1.0.1.tgz",
      "from": "gcm@1.0.1",
      "dependencies": {
        "retry": {
          "version": "0.10.1",
          "resolved": "https://registry.npmjs.org/retry/-/retry-0.10.1.tgz",
          "from": "retry@0.10.1"
        }
      }
    },
    "github": {
      "version": "0.1.8",
      "resolved": "https://registry.npmjs.org/github/-/github-0.1.8.tgz",
      "from": "github@0.1.8"
    },
    "node-gcm": {
      "version": "0.14.4",
      "resolved": "https://registry.npmjs.org/node-gcm/-/node-gcm-0.14.4.tgz",
      "from": "node-gcm@0.14.4",
      "dependencies": {
        "debug": {
          "version": "0.8.1",
          "resolved": "https://registry.npmjs.org/debug/-/debug-0.8.1.tgz",
          "from": "debug@0.8.1"
        },
        "lodash": {
          "version": "3.10.1",
          "resolved": "https://registry.npmjs.org/lodash/-/lodash-3.10.1.tgz",
          "from": "lodash@3.10.1"
        },
        "request": {
          "version": "2.79.0",
          "resolved": "https://registry.npmjs.org/request/-/request-2.79.0.tgz",
          "from": "request@2.79.0",
          "dependencies": {
            "aws-sign2": {
              "version": "0.6.0",
              "resolved": "https://registry.npmjs.org/aws-sign2/-/aws-sign2-0.6.0.tgz",
              "from": "aws-sign2@0.6.0"
            },
            "aws4": {
              "version": "1.5.0",
              "resolved": "https://registry.npmjs.org/aws4/-/aws4-1.5.0.tgz",
              "from": "aws4@1.5.0"
            },
            "caseless": {
              "version": "0.11.0",
              "resolved": "https://registry.npmjs.org/caseless/-/caseless-0.11.0.tgz",
              "from": "caseless@0.11.0"
            },
            "combined-stream": {
              "version": "1.0.5",
              "resolved": "https://registry.npmjs.org/combined-stream/-/combined-stream-1.0.5.tgz",
              "from": "combined-stream@1.0.5",
              "dependencies": {
                "delayed-stream": {
                  "version": "1.0.0",
                  "resolved": "https://registry.npmjs.org/delayed-stream/-/delayed-stream-1.0.0.tgz",
                  "from": "delayed-stream@1.0.0"
                }
              }
            },
            "extend": {
              "version": "3.0.0",
              "resolved": "https://registry.npmjs.org/extend/-/extend-3.0.0.tgz",
              "from": "extend@3.0.0"
            },
            "forever-agent": {
              "version": "0.6.1",
              "resolved": "https://registry.npmjs.org/forever-agent/-/forever-agent-0.6.1.tgz",
              "from": "forever-agent@0.6.1"
            },
            "form-data": {
              "version": "2.1.2",
              "resolved": "https://registry.npmjs.org/form-data/-/form-data-2.1.2.tgz",
              "from": "form-data@2.1.2",
              "dependencies": {
                "asynckit": {
                  "version": "0.4.0",
                  "resolved": "https://registry.npmjs.org/asynckit/-/asynckit-0.4.0.tgz",
                  "from": "asynckit@0.4.0"
                }
              }
            },
            "har-validator": {
              "version": "2.0.6",
              "resolved": "https://registry.npmjs.org/har-validator/-/har-validator-2.0.6.tgz",
              "from": "har-validator@2.0.6",
              "dependencies": {
                "chalk": {
                  "version": "1.1.3",
                  "resolved": "https://registry.npmjs.org/chalk/-/chalk-1.1.3.tgz",
                  "from": "chalk@1.1.3",
                  "dependencies": {
                    "ansi-styles": {
                      "version": "2.2.1",
                      "resolved": "https://registry.npmjs.org/ansi-styles/-/ansi-styles-2.2.1.tgz",
                      "from": "ansi-styles@2.2.1"
                    },
                    "escape-string-regexp": {
                      "version": "1.0.5",
                      "resolved": "https://registry.npmjs.org/escape-string-regexp/-/escape-string-regexp-1.0.5.tgz",
                      "from": "escape-string-regexp@1.0.5"
                    },
                    "has-ansi": {
                      "version": "2.0.0",
                      "resolved": "https://registry.npmjs.org/has-ansi/-/has-ansi-2.0.0.tgz",
                      "from": "has-ansi@2.0.0",
                      "dependencies": {
                        "ansi-regex": {
                          "version": "2.0.0",
                          "resolved": "https://registry.npmjs.org/ansi-regex/-/ansi-regex-2.0.0.tgz",
                          "from": "ansi-regex@2.0.0"
                        }
                      }
                    },
                    "strip-ansi": {
                      "version": "3.0.1",
                      "resolved": "https://registry.npmjs.org/strip-ansi/-/strip-ansi-3.0.1.tgz",
                      "from": "strip-ansi@3.0.1",
                      "dependencies": {
                        "ansi-regex": {
                          "version": "2.0.0",
                          "resolved": "https://registry.npmjs.org/ansi-regex/-/ansi-regex-2.0.0.tgz",
                          "from": "ansi-regex@2.0.0"
                        }
                      }
                    },
                    "supports-color": {
                      "version": "2.0.0",
                      "resolved": "https://registry.npmjs.org/supports-color/-/supports-color-2.0.0.tgz",
                      "from": "supports-color@2.0.0"
                    }
                  }
                },
                "commander": {
                  "version": "2.9.0",
                  "resolved": "https://registry.npmjs.org/commander/-/commander-2.9.0.tgz",
                  "from": "commander@2.9.0",
                  "dependencies": {
                    "graceful-readlink": {
                      "version": "1.0.1",
                      "resolved": "https://registry.npmjs.org/graceful-readlink/-/graceful-readlink-1.0.1.tgz",
                      "from": "graceful-readlink@1.0.1"
                    }
                  }
                },
                "is-my-json-valid": {
                  "version": "2.15.0",
                  "resolved": "https://registry.npmjs.org/is-my-json-valid/-/is-my-json-valid-2.15.0.tgz",
                  "from": "is-my-json-valid@2.15.0",
                  "dependencies": {
                    "generate-function": {
                      "version": "2.0.0",
                      "resolved": "https://registry.npmjs.org/generate-function/-/generate-function-2.0.0.tgz",
                      "from": "generate-function@2.0.0"
                    },
                    "generate-object-property": {
                      "version": "1.2.0",
                      "resolved": "https://registry.npmjs.org/generate-object-property/-/generate-object-property-1.2.0.tgz",
                      "from": "generate-object-property@1.2.0",
                      "dependencies": {
                        "is-property": {
                          "version": "1.0.2",
                          "resolved": "https://registry.npmjs.org/is-property/-/is-property-1.0.2.tgz",
                          "from": "is-property@1.0.2"
                        }
                      }
                    },
                    "jsonpointer": {
                      "version": "4.0.1",
                      "resolved": "https://registry.npmjs.org/jsonpointer/-/jsonpointer-4.0.1.tgz",
                      "from": "jsonpointer@4.0.1"
                    },
                    "xtend": {
                      "version": "4.0.1",
                      "resolved": "https://registry.npmjs.org/xtend/-/xtend-4.0.1.tgz",
                      "from": "xtend@4.0.1"
                    }
                  }
                },
                "pinkie-promise": {
                  "version": "2.0.1",
                  "resolved": "https://registry.npmjs.org/pinkie-promise/-/pinkie-promise-2.0.1.tgz",
                  "from": "pinkie-promise@2.0.1",
                  "dependencies": {
                    "pinkie": {
                      "version": "2.0.4",
                      "resolved": "https://registry.npmjs.org/pinkie/-/pinkie-2.0.4.tgz",
                      "from": "pinkie@2.0.4"
                    }
                  }
                }
              }
            },
            "hawk": {
              "version": "3.1.3",
              "resolved": "https://registry.npmjs.org/hawk/-/hawk-3.1.3.tgz",
              "from": "hawk@3.1.3",
              "dependencies": {
                "boom": {
                  "version": "2.10.1",
                  "resolved": "https://registry.npmjs.org/boom/-/boom-2.10.1.tgz",
                  "from": "boom@2.10.1"
                },
                "cryptiles": {
                  "version": "2.0.5",
                  "resolved": "https://registry.npmjs.org/cryptiles/-/cryptiles-2.0.5.tgz",
                  "from": "cryptiles@2.0.5"
                },
                "hoek": {
                  "version": "2.16.3",
                  "resolved": "https://registry.npmjs.org/hoek/-/hoek-2.16.3.tgz",
                  "from": "hoek@2.16.3"
                },
                "sntp": {
                  "version": "1.0.9",
                  "resolved": "https://registry.npmjs.org/sntp/-/sntp-1.0.9.tgz",
                  "from": "sntp@1.0.9"
                }
              }
            },
            "http-signature": {
              "version": "1.1.1",
              "resolved": "https://registry.npmjs.org/http-signature/-/http-signature-1.1.1.tgz",
              "from": "http-signature@1.1.1",
              "dependencies": {
                "assert-plus": {
                  "version": "0.2.0",
                  "resolved": "https://registry.npmjs.org/assert-plus/-/assert-plus-0.2.0.tgz",
                  "from": "assert-plus@0.2.0"
                },
                "jsprim": {
                  "version": "1.3.1",
                  "resolved": "https://registry.npmjs.org/jsprim/-/jsprim-1.3.1.tgz",
                  "from": "jsprim@1.3.1",
                  "dependencies": {
                    "extsprintf": {
                      "version": "1.0.2",
                      "resolved": "https://registry.npmjs.org/extsprintf/-/extsprintf-1.0.2.tgz",
                      "from": "extsprintf@1.0.2"
                    },
                    "json-schema": {
                      "version": "0.2.3",
                      "resolved": "https://registry.npmjs.org/json-schema/-/json-schema-0.2.3.tgz",
                      "from": "json-schema@0.2.3"
                    },
                    "verror": {
                      "version": "1.3.6",
                      "resolved": "https://registry.npmjs.org/verror/-/verror-1.3.6.tgz",
                      "from": "verror@1.3.6"
                    }
                  }
                },
                "sshpk": {
                  "version": "1.10.1",
                  "resolved": "https://registry.npmjs.org/sshpk/-/sshpk-1.10.1.tgz",
                  "from": "sshpk@1.10.1",
                  "dependencies": {
                    "asn1": {
                      "version": "0.2.3",
                      "resolved": "https://registry.npmjs.org/asn1/-/asn1-0.2.3.tgz",
                      "from": "asn1@0.2.3"
                    },
                    "assert-plus": {
                      "version": "1.0.0",
                      "resolved": "https://registry.npmjs.org/assert-plus/-/assert-plus-1.0.0.tgz",
                      "from": "assert-plus@1.0.0"
                    },
                    "bcrypt-pbkdf": {
                      "version": "1.0.0",
                      "resolved": "https://registry.npmjs.org/bcrypt-pbkdf/-/bcrypt-pbkdf-1.0.0.tgz",
                      "from": "bcrypt-pbkdf@1.0.0"
                    },
                    "dashdash": {
                      "version": "1.14.1",
                      "resolved": "https://registry.npmjs.org/dashdash/-/dashdash-1.14.1.tgz",
                      "from": "dashdash@1.14.1"
                    },
                    "ecc-jsbn": {
                      "version": "0.1.1",
                      "resolved": "https://registry.npmjs.org/ecc-jsbn/-/ecc-jsbn-0.1.1.tgz",
                      "from": "ecc-jsbn@0.1.1"
                    },
                    "getpass": {
                      "version": "0.1.6",
                      "resolved": "https://registry.npmjs.org/getpass/-/getpass-0.1.6.tgz",
                      "from": "getpass@0.1.6"
                    },
                    "jodid25519": {
                      "version": "1.0.2",
                      "resolved": "https://registry.npmjs.org/jodid25519/-/jodid25519-1.0.2.tgz",
                      "from": "jodid25519@1.0.2"
                    },
                    "jsbn": {
                      "version": "0.1.0",
                      "resolved": "https://registry.npmjs.org/jsbn/-/jsbn-0.1.0.tgz",
                      "from": "jsbn@0.1.0"
                    },
                    "tweetnacl": {
                      "version": "0.14.5",
                      "resolved": "https://registry.npmjs.org/tweetnacl/-/tweetnacl-0.14.5.tgz",
                      "from": "tweetnacl@0.14.5"
                    }
                  }
                }
              }
            },
            "is-typedarray": {
              "version": "1.0.0",
              "resolved": "https://registry.npmjs.org/is-typedarray/-/is-typedarray-1.0.0.tgz",
              "from": "is-typedarray@1.0.0"
            },
            "isstream": {
              "version": "0.1.2",
              "resolved": "https://registry.npmjs.org/isstream/-/isstream-0.1.2.tgz",
              "from": "isstream@0.1.2"
            },
            "json-stringify-safe": {
              "version": "5.0.1",
              "resolved": "https://registry.npmjs.org/json-stringify-safe/-/json-stringify-safe-5.0.1.tgz",
              "from": "json-stringify-safe@5.0.1"
            },
            "mime-types": {
              "version": "2.1.13",
              "resolved": "https://registry.npmjs.org/mime-types/-/mime-types-2.1.13.tgz",
              "from": "mime-types@2.1.13",
              "dependencies": {
                "mime-db": {
                  "version": "1.25.0",
                  "resolved": "https://registry.npmjs.org/mime-db/-/mime-db-1.25.0.tgz",
                  "from": "mime-db@1.25.0"
                }
              }
            },
            "oauth-sign": {
              "version": "0.8.2",
              "resolved": "https://registry.npmjs.org/oauth-sign/-/oauth-sign-0.8.2.tgz",
              "from": "oauth-sign@0.8.2"
            },
            "qs": {
              "version": "6.3.0",
              "resolved": "https://registry.npmjs.org/qs/-/qs-6.3.0.tgz",
              "from": "qs@6.3.0"
            },
            "stringstream": {
              "version": "0.0.5",
              "resolved": "https://registry.npmjs.org/stringstream/-/stringstream-0.0.5.tgz",
              "from": "stringstream@0.0.5"
            },
            "tough-cookie": {
              "version": "2.3.2",
              "resolved": "https://registry.npmjs.org/tough-cookie/-/tough-cookie-2.3.2.tgz",
              "from": "tough-cookie@2.3.2",
              "dependencies": {
                "punycode": {
                  "version": "1.4.1",
                  "resolved": "https://registry.npmjs.org/punycode/-/punycode-1.4.1.tgz",
                  "from": "punycode@1.4.1"
                }
              }
            },
            "tunnel-agent": {
              "version": "0.4.3",
              "resolved": "https://registry.npmjs.org/tunnel-agent/-/tunnel-agent-0.4.3.tgz",
              "from": "tunnel-agent@0.4.3"
            },
            "uuid": {
              "version": "3.0.1",
              "resolved": "https://registry.npmjs.org/uuid/-/uuid-3.0.1.tgz",
              "from": "uuid@3.0.1"
            }
          }
        }
      }
    },
    "nodemailer": {
      "version": "2.0.0",
      "resolved": "https://registry.npmjs.org/nodemailer/-/nodemailer-2.0.0.tgz",
      "from": "nodemailer@2.0.0",
      "dependencies": {
        "libmime": {
          "version": "2.0.0",
          "resolved": "https://registry.npmjs.org/libmime/-/libmime-2.0.0.tgz",
          "from": "libmime@2.0.0",
          "dependencies": {
            "iconv-lite": {
              "version": "0.4.13",
              "resolved": "https://registry.npmjs.org/iconv-lite/-/iconv-lite-0.4.13.tgz",
              "from": "iconv-lite@0.4.13"
            },
            "libbase64": {
              "version": "0.1.0",
              "resolved": "https://registry.npmjs.org/libbase64/-/libbase64-0.1.0.tgz",
              "from": "libbase64@0.1.0"
            },
            "libqp": {
              "version": "1.1.0",
              "resolved": "https://registry.npmjs.org/libqp/-/libqp-1.1.0.tgz",
              "from": "libqp@1.1.0"
            }
          }
        },
        "mailcomposer": {
          "version": "3.0.1",
          "resolved": "https://registry.npmjs.org/mailcomposer/-/mailcomposer-3.0.1.tgz",
          "from": "mailcomposer@3.0.1",
          "dependencies": {
            "buildmail": {
              "version": "3.0.1",
              "resolved": "https://registry.npmjs.org/buildmail/-/buildmail-3.0.1.tgz",
              "from": "buildmail@3.0.1",
              "dependencies": {
                "addressparser": {
                  "version": "0.3.2",
                  "resolved": "https://registry.npmjs.org/addressparser/-/addressparser-0.3.2.tgz",
                  "from": "addressparser@0.3.2"
                },
                "libbase64": {
                  "version": "0.1.0",
                  "resolved": "https://registry.npmjs.org/libbase64/-/libbase64-0.1.0.tgz",
                  "from": "libbase64@0.1.0"
                },
                "libqp": {
                  "version": "1.1.0",
                  "resolved": "https://registry.npmjs.org/libqp/-/libqp-1.1.0.tgz",
                  "from": "libqp@1.1.0"
                },
                "nodemailer-fetch": {
                  "version": "1.0.0",
                  "resolved": "https://registry.npmjs.org/nodemailer-fetch/-/nodemailer-fetch-1.0.0.tgz",
                  "from": "nodemailer-fetch@1.0.0"
                }
              }
            }
          }
        },
        "nodemailer-direct-transport": {
          "version": "2.0.0",
          "resolved": "https://registry.npmjs.org/nodemailer-direct-transport/-/nodemailer-direct-transport-2.0.0.tgz",
          "from": "nodemailer-direct-transport@2.0.0",
          "dependencies": {
            "smtp-connection": {
              "version": "2.0.0",
              "resolved": "https://registry.npmjs.org/smtp-connection/-/smtp-connection-2.0.0.tgz",
              "from": "smtp-connection@2.0.0"
            }
          }
        },
        "nodemailer-shared": {
          "version": "1.0.2",
          "resolved": "https://registry.npmjs.org/nodemailer-shared/-/nodemailer-shared-1.0.2.tgz",
          "from": "nodemailer-shared@1.0.2",
          "dependencies": {
            "nodemailer-fetch": {
              "version": "1.0.0",
              "resolved": "https://registry.npmjs.org/nodemailer-fetch/-/nodemailer-fetch-1.0.0.tgz",
              "from": "nodemailer-fetch@1.0.0"
            }
          }
        },
        "nodemailer-smtp-pool": {
          "version": "2.0.0",
          "resolved": "https://registry.npmjs.org/nodemailer-smtp-pool/-/nodemailer-smtp-pool-2.0.0.tgz",
          "from": "nodemailer-smtp-pool@2.0.0",
          "dependencies": {
            "clone": {
              "version": "1.0.2",
              "resolved": "https://registry.npmjs.org/clone/-/clone-1.0.2.tgz",
              "from": "clone@1.0.2"
            },
            "nodemailer-wellknown": {
              "version": "0.1.7",
              "resolved": "https://registry.npmjs.org/nodemailer-wellknown/-/nodemailer-wellknown-0.1.7.tgz",
              "from": "nodemailer-wellknown@0.1.7"
            },
            "smtp-connection": {
              "version": "2.0.0",
              "resolved": "https://registry.npmjs.org/smtp-connection/-/smtp-connection-2.0.0.tgz",
              "from": "smtp-connection@2.0.0"
            }
          }
        },
        "nodemailer-smtp-transport": {
          "version": "2.0.0",
          "resolved": "https://registry.npmjs.org/nodemailer-smtp-transport/-/nodemailer-smtp-transport-2.0.0.tgz",
          "from": "nodemailer-smtp-transport@2.0.0",
          "dependencies": {
            "clone": {
              "version": "1.0.2",
              "resolved": "https://registry.npmjs.org/clone/-/clone-1.0.2.tgz",
              "from": "clone@1.0.2"
            },
            "nodemailer-wellknown": {
              "version": "0.1.7",
              "resolved": "https://registry.npmjs.org/nodemailer-wellknown/-/nodemailer-wellknown-0.1.7.tgz",
              "from": "nodemailer-wellknown@0.1.7"
            },
            "smtp-connection": {
              "version": "2.0.0",
              "resolved": "https://registry.npmjs.org/smtp-connection/-/smtp-connection-2.0.0.tgz",
              "from": "smtp-connection@2.0.0"
            }
          }
        }
      }
    },
    "nodemailer-smtp-transport": {
      "version": "2.5.0",
      "resolved": "https://registry.npmjs.org/nodemailer-smtp-transport/-/nodemailer-smtp-transport-2.5.0.tgz",
      "from": "nodemailer-smtp-transport@2.5.0",
      "dependencies": {
        "nodemailer-shared": {
          "version": "1.0.5",
          "resolved": "https://registry.npmjs.org/nodemailer-shared/-/nodemailer-shared-1.0.5.tgz",
          "from": "nodemailer-shared@1.0.5",
          "dependencies": {
            "nodemailer-fetch": {
              "version": "1.4.0",
              "resolved": "https://registry.npmjs.org/nodemailer-fetch/-/nodemailer-fetch-1.4.0.tgz",
              "from": "nodemailer-fetch@1.4.0"
            }
          }
        },
        "nodemailer-wellknown": {
          "version": "0.1.9",
          "resolved": "https://registry.npmjs.org/nodemailer-wellknown/-/nodemailer-wellknown-0.1.9.tgz",
          "from": "nodemailer-wellknown@0.1.9"
        },
        "smtp-connection": {
          "version": "2.5.0",
          "resolved": "https://registry.npmjs.org/smtp-connection/-/smtp-connection-2.5.0.tgz",
          "from": "smtp-connection@2.5.0",
          "dependencies": {
            "httpntlm": {
              "version": "1.6.1",
              "resolved": "https://registry.npmjs.org/httpntlm/-/httpntlm-1.6.1.tgz",
              "from": "httpntlm@1.6.1",
              "dependencies": {
                "httpreq": {
                  "version": "0.4.22",
                  "resolved": "https://registry.npmjs.org/httpreq/-/httpreq-0.4.22.tgz",
                  "from": "httpreq@0.4.22"
                },
                "underscore": {
                  "version": "1.7.0",
                  "resolved": "https://registry.npmjs.org/underscore/-/underscore-1.7.0.tgz",
                  "from": "underscore@1.7.0"
                }
              }
            }
          }
        }
      }
    },
    "qr-image": {
      "version": "3.1.0",
      "resolved": "https://registry.npmjs.org/qr-image/-/qr-image-3.1.0.tgz",
      "from": "qr-image@3.1.0",
      "dependencies": {
        "pako": {
          "version": "0.2.9",
          "resolved": "https://registry.npmjs.org/pako/-/pako-0.2.9.tgz",
          "from": "pako@0.2.9"
        }
      }
    },
    "redis": {
      "version": "0.8.2",
      "resolved": "https://registry.npmjs.org/redis/-/redis-0.8.2.tgz",
      "from": "redis@0.8.2"
    }
  }
}
